
Microsoft Visual Studio Solution File, Format Version 12.00
# Visual Studio Version 16
VisualStudioVersion = 16.0.29519.87
MinimumVisualStudioVersion = 10.0.40219.1
Project("{00D1A9C2-B5F0-4AF3-8072-F6C62B433612}") = "Teacher.Database", "Teacher.Database\Teacher.Database.sqlproj", "{D23B9615-1097-4462-A0C6-4D9353856130}"
EndProject
Project("{9A19103F-16F7-4668-BE54-9A1E7A4F7556}") = "Teacher.Website", "Teacher.Website\Teacher.Website.csproj", "{FC6D6A9E-FA30-4067-ADC1-6D67B9B89314}"
EndProject
Project("{9A19103F-16F7-4668-BE54-9A1E7A4F7556}") = "Teacher.Website.Feature.Tests", "Teacher.Website.Feature.Tests\Teacher.Website.Feature.Tests.csproj", "{0CABFD1C-EAC0-4AD5-9FE9-83B2448E9514}"
EndProject
Project("{9A19103F-16F7-4668-BE54-9A1E7A4F7556}") = "Teacher.Domain", "Teacher.Domain\Teacher.Domain.csproj", "{08B0BC5B-FABF-4E21-A790-0011B3D2BB90}"
EndProject
Project("{9A19103F-16F7-4668-BE54-9A1E7A4F7556}") = "Teacher.Domain.Tests", "Teacher.Domain.Tests\Teacher.Domain.Tests.csproj", "{E66BE6F1-B74D-4F97-8793-5D3896739A56}"
EndProject
Project("{9A19103F-16F7-4668-BE54-9A1E7A4F7556}") = "Teacher.Website.Integration.Tests", "Teacher.Website.Integration.Tests\Teacher.Website.Integration.Tests.csproj", "{D062852E-E4A2-4FEE-9A1E-6ECE9C8417F9}"
EndProject
Global
	GlobalSection(SolutionConfigurationPlatforms) = preSolution
		Debug|Any CPU = Debug|Any CPU
		Release|Any CPU = Release|Any CPU
	EndGlobalSection
	GlobalSection(ProjectConfigurationPlatforms) = postSolution
		{D23B9615-1097-4462-A0C6-4D9353856130}.Debug|Any CPU.ActiveCfg = Debug|Any CPU
		{D23B9615-1097-4462-A0C6-4D9353856130}.Debug|Any CPU.Build.0 = Debug|Any CPU
		{D23B9615-1097-4462-A0C6-4D9353856130}.Debug|Any CPU.Deploy.0 = Debug|Any CPU
		{D23B9615-1097-4462-A0C6-4D9353856130}.Release|Any CPU.ActiveCfg = Release|Any CPU
		{D23B9615-1097-4462-A0C6-4D9353856130}.Release|Any CPU.Build.0 = Release|Any CPU
		{D23B9615-1097-4462-A0C6-4D9353856130}.Release|Any CPU.Deploy.0 = Release|Any CPU
		{FC6D6A9E-FA30-4067-ADC1-6D67B9B89314}.Debug|Any CPU.ActiveCfg = Debug|Any CPU
		{FC6D6A9E-FA30-4067-ADC1-6D67B9B89314}.Debug|Any CPU.Build.0 = Debug|Any CPU
		{FC6D6A9E-FA30-4067-ADC1-6D67B9B89314}.Release|Any CPU.ActiveCfg = Release|Any CPU
		{FC6D6A9E-FA30-4067-ADC1-6D67B9B89314}.Release|Any CPU.Build.0 = Release|Any CPU
		{0CABFD1C-EAC0-4AD5-9FE9-83B2448E9514}.Debug|Any CPU.ActiveCfg = Debug|Any CPU
		{0CABFD1C-EAC0-4AD5-9FE9-83B2448E9514}.Debug|Any CPU.Build.0 = Debug|Any CPU
		{0CABFD1C-EAC0-4AD5-9FE9-83B2448E9514}.Release|Any CPU.ActiveCfg = Release|Any CPU
		{0CABFD1C-EAC0-4AD5-9FE9-83B2448E9514}.Release|Any CPU.Build.0 = Release|Any CPU
		{08B0BC5B-FABF-4E21-A790-0011B3D2BB90}.Debug|Any CPU.ActiveCfg = Debug|Any CPU
		{08B0BC5B-FABF-4E21-A790-0011B3D2BB90}.Debug|Any CPU.Build.0 = Debug|Any CPU
		{08B0BC5B-FABF-4E21-A790-0011B3D2BB90}.Release|Any CPU.ActiveCfg = Release|Any CPU
		{08B0BC5B-FABF-4E21-A790-0011B3D2BB90}.Release|Any CPU.Build.0 = Release|Any CPU
		{E66BE6F1-B74D-4F97-8793-5D3896739A56}.Debug|Any CPU.ActiveCfg = Debug|Any CPU
		{E66BE6F1-B74D-4F97-8793-5D3896739A56}.Debug|Any CPU.Build.0 = Debug|Any CPU
		{E66BE6F1-B74D-4F97-8793-5D3896739A56}.Release|Any CPU.ActiveCfg = Release|Any CPU
		{E66BE6F1-B74D-4F97-8793-5D3896739A56}.Release|Any CPU.Build.0 = Release|Any CPU
		{D062852E-E4A2-4FEE-9A1E-6ECE9C8417F9}.Debug|Any CPU.ActiveCfg = Debug|Any CPU
		{D062852E-E4A2-4FEE-9A1E-6ECE9C8417F9}.Debug|Any CPU.Build.0 = Debug|Any CPU
		{D062852E-E4A2-4FEE-9A1E-6ECE9C8417F9}.Release|Any CPU.ActiveCfg = Release|Any CPU
		{D062852E-E4A2-4FEE-9A1E-6ECE9C8417F9}.Release|Any CPU.Build.0 = Release|Any CPU
	EndGlobalSection
	GlobalSection(SolutionProperties) = preSolution
		HideSolutionNode = FALSE
	EndGlobalSection
	GlobalSection(ExtensibilityGlobals) = postSolution
		SolutionGuid = {5CE42D44-C29B-424C-A946-8C0C7C155269}
	EndGlobalSection
EndGlobal
